PODS:
  - RNCryptor (5.0.3)
  - SDOSEnvironment (1.1.1):
    - RNCryptor (~> 5.0)
    - SDOSEnvironment/SDOSEnvironment (= 1.1.1)
  - SDOSEnvironment/SDOSEnvironment (1.1.1):
    - RNCryptor (~> 5.0)

DEPENDENCIES:
  - SDOSEnvironment (from `../../`)

SPEC REPOS:
  https://github.com/CocoaPods/Specs.git:
    - RNCryptor

EXTERNAL SOURCES:
  SDOSEnvironment:
    :path: "../../"

SPEC CHECKSUMS:
  RNCryptor: c93d19029dcf7ff160aca0f24d6c9e7b0d82f664
  SDOSEnvironment: 6f9473f5ec8a3ebcdaaccc1c3710c930f93ff9ec

PODFILE CHECKSUM: c6667814a777a84a7a098c5559a49e2a21e6aae9

COCOAPODS: 1.9.3
