PODS:
  - RNCryptor (5.1.0)
  - SDOSEnvironment (1.2.1):
    - RNCryptor (~> 5.1)
    - SDOSEnvironment/SDOSEnvironment (= 1.2.1)
  - SDOSEnvironment/SDOSEnvironment (1.2.1):
    - RNCryptor (~> 5.1)

DEPENDENCIES:
  - SDOSEnvironment (from `../../`)

SPEC REPOS:
  https://github.com/CocoaPods/Specs.git:
    - RNCryptor

EXTERNAL SOURCES:
  SDOSEnvironment:
    :path: "../../"

SPEC CHECKSUMS:
  RNCryptor: a369134686cd2ad391323cc856b62e591193ba79
  SDOSEnvironment: 6df87854bad7b87c023ebfb75de60e63a676fe94

PODFILE CHECKSUM: c6667814a777a84a7a098c5559a49e2a21e6aae9

COCOAPODS: 1.10.1
