PODS:
  - RNCryptor (5.1.0)
  - SDOSEnvironment (1.1.1):
    - RNCryptor (~> 5.1)
    - SDOSEnvironment/SDOSEnvironment (= 1.1.1)
  - SDOSEnvironment/SDOSEnvironment (1.1.1):
    - RNCryptor (~> 5.1)

DEPENDENCIES:
  - SDOSEnvironment (from `../../`)

SPEC REPOS:
  https://github.com/CocoaPods/Specs.git:
    - RNCryptor

EXTERNAL SOURCES:
  SDOSEnvironment:
    :path: "../../"

SPEC CHECKSUMS:
  RNCryptor: a369134686cd2ad391323cc856b62e591193ba79
  SDOSEnvironment: fddee5a76c8065f9867f1d78614d10a017afda79

PODFILE CHECKSUM: c6667814a777a84a7a098c5559a49e2a21e6aae9

COCOAPODS: 1.9.3
